
Microsoft Visual Studio Solution File, Format Version 12.00
# Visual Studio Version 17
VisualStudioVersion = 17.10.35027.167
MinimumVisualStudioVersion = 10.0.40219.1
Project("{FAE04EC0-301F-11D3-BF4B-00C04F79EFBC}") = "WebPerpustakaan", "WebPerpustakaan\WebPerpustakaan.csproj", "{3E45E574-D2C8-44C1-9930-2730C77BE4D9}"
EndProject
Global
	GlobalSection(SolutionConfigurationPlatforms) = preSolution
		Debug|Any CPU = Debug|Any CPU
		Release|Any CPU = Release|Any CPU
	EndGlobalSection
	GlobalSection(ProjectConfigurationPlatforms) = postSolution
		{3E45E574-D2C8-44C1-9930-2730C77BE4D9}.Debug|Any CPU.ActiveCfg = Debug|Any CPU
		{3E45E574-D2C8-44C1-9930-2730C77BE4D9}.Debug|Any CPU.Build.0 = Debug|Any CPU
		{3E45E574-D2C8-44C1-9930-2730C77BE4D9}.Release|Any CPU.ActiveCfg = Release|Any CPU
		{3E45E574-D2C8-44C1-9930-2730C77BE4D9}.Release|Any CPU.Build.0 = Release|Any CPU
	EndGlobalSection
	GlobalSection(SolutionProperties) = preSolution
		HideSolutionNode = FALSE
	EndGlobalSection
	GlobalSection(ExtensibilityGlobals) = postSolution
		SolutionGuid = {9F96642A-6D69-4453-A389-B0D9F7A49A9B}
	EndGlobalSection
EndGlobal
